
Microsoft Visual Studio Solution File, Format Version 12.00
# Visual Studio 15
VisualStudioVersion = 15.0.26124.0
MinimumVisualStudioVersion = 15.0.26124.0
Project("{FAE04EC0-301F-11D3-BF4B-00C04F79EFBC}") = "ADS.Algorithms", "ADS.Algorithms\ADS.Algorithms.csproj", "{E69C20F3-6E40-425B-AED1-1DA22B8E49E1}"
EndProject
Project("{FAE04EC0-301F-11D3-BF4B-00C04F79EFBC}") = "ADS.AlgorithmsTests", "ADS.AlgorithmsTests\ADS.AlgorithmsTests.csproj", "{BD93D763-DFFC-4742-A3DC-D73A482DC1EC}"
EndProject
Project("{FAE04EC0-301F-11D3-BF4B-00C04F79EFBC}") = "ADS.FX", "ADS.FX\ADS.FX.csproj", "{8B848611-BB32-42F8-ACF7-4ECF4DE84EB6}"
EndProject
Project("{FAE04EC0-301F-11D3-BF4B-00C04F79EFBC}") = "ADS.DataStructures", "ADS.DataStructures\ADS.DataStructures.csproj", "{095ABCF7-F572-4C04-8CBD-7D4A56D46C3F}"
EndProject
Project("{FAE04EC0-301F-11D3-BF4B-00C04F79EFBC}") = "ADS.DataStructuresTests", "ADS.DataStructuresTests\ADS.DataStructuresTests.csproj", "{0FE32455-DFA3-4DB8-9124-B6A5DB4C5B7F}"
EndProject
Project("{FAE04EC0-301F-11D3-BF4B-00C04F79EFBC}") = "ADS.Data", "ADS.Data\ADS.Data.csproj", "{AB2F4EE6-6ED1-4127-B053-73D1B1C1EAD0}"
EndProject
Global
	GlobalSection(SolutionConfigurationPlatforms) = preSolution
		Debug|Any CPU = Debug|Any CPU
		Debug|x64 = Debug|x64
		Debug|x86 = Debug|x86
		Release|Any CPU = Release|Any CPU
		Release|x64 = Release|x64
		Release|x86 = Release|x86
	EndGlobalSection
	GlobalSection(SolutionProperties) = preSolution
		HideSolutionNode = FALSE
	EndGlobalSection
	GlobalSection(ProjectConfigurationPlatforms) = postSolution
		{E69C20F3-6E40-425B-AED1-1DA22B8E49E1}.Debug|Any CPU.ActiveCfg = Debug|Any CPU
		{E69C20F3-6E40-425B-AED1-1DA22B8E49E1}.Debug|Any CPU.Build.0 = Debug|Any CPU
		{E69C20F3-6E40-425B-AED1-1DA22B8E49E1}.Debug|x64.ActiveCfg = Debug|x64
		{E69C20F3-6E40-425B-AED1-1DA22B8E49E1}.Debug|x64.Build.0 = Debug|x64
		{E69C20F3-6E40-425B-AED1-1DA22B8E49E1}.Debug|x86.ActiveCfg = Debug|x86
		{E69C20F3-6E40-425B-AED1-1DA22B8E49E1}.Debug|x86.Build.0 = Debug|x86
		{E69C20F3-6E40-425B-AED1-1DA22B8E49E1}.Release|Any CPU.ActiveCfg = Release|Any CPU
		{E69C20F3-6E40-425B-AED1-1DA22B8E49E1}.Release|Any CPU.Build.0 = Release|Any CPU
		{E69C20F3-6E40-425B-AED1-1DA22B8E49E1}.Release|x64.ActiveCfg = Release|x64
		{E69C20F3-6E40-425B-AED1-1DA22B8E49E1}.Release|x64.Build.0 = Release|x64
		{E69C20F3-6E40-425B-AED1-1DA22B8E49E1}.Release|x86.ActiveCfg = Release|x86
		{E69C20F3-6E40-425B-AED1-1DA22B8E49E1}.Release|x86.Build.0 = Release|x86
		{BD93D763-DFFC-4742-A3DC-D73A482DC1EC}.Debug|Any CPU.ActiveCfg = Debug|Any CPU
		{BD93D763-DFFC-4742-A3DC-D73A482DC1EC}.Debug|Any CPU.Build.0 = Debug|Any CPU
		{BD93D763-DFFC-4742-A3DC-D73A482DC1EC}.Debug|x64.ActiveCfg = Debug|x64
		{BD93D763-DFFC-4742-A3DC-D73A482DC1EC}.Debug|x64.Build.0 = Debug|x64
		{BD93D763-DFFC-4742-A3DC-D73A482DC1EC}.Debug|x86.ActiveCfg = Debug|x86
		{BD93D763-DFFC-4742-A3DC-D73A482DC1EC}.Debug|x86.Build.0 = Debug|x86
		{BD93D763-DFFC-4742-A3DC-D73A482DC1EC}.Release|Any CPU.ActiveCfg = Release|Any CPU
		{BD93D763-DFFC-4742-A3DC-D73A482DC1EC}.Release|Any CPU.Build.0 = Release|Any CPU
		{BD93D763-DFFC-4742-A3DC-D73A482DC1EC}.Release|x64.ActiveCfg = Release|x64
		{BD93D763-DFFC-4742-A3DC-D73A482DC1EC}.Release|x64.Build.0 = Release|x64
		{BD93D763-DFFC-4742-A3DC-D73A482DC1EC}.Release|x86.ActiveCfg = Release|x86
		{BD93D763-DFFC-4742-A3DC-D73A482DC1EC}.Release|x86.Build.0 = Release|x86
		{8B848611-BB32-42F8-ACF7-4ECF4DE84EB6}.Debug|Any CPU.ActiveCfg = Debug|Any CPU
		{8B848611-BB32-42F8-ACF7-4ECF4DE84EB6}.Debug|Any CPU.Build.0 = Debug|Any CPU
		{8B848611-BB32-42F8-ACF7-4ECF4DE84EB6}.Debug|x64.ActiveCfg = Debug|Any CPU
		{8B848611-BB32-42F8-ACF7-4ECF4DE84EB6}.Debug|x64.Build.0 = Debug|Any CPU
		{8B848611-BB32-42F8-ACF7-4ECF4DE84EB6}.Debug|x86.ActiveCfg = Debug|Any CPU
		{8B848611-BB32-42F8-ACF7-4ECF4DE84EB6}.Debug|x86.Build.0 = Debug|Any CPU
		{8B848611-BB32-42F8-ACF7-4ECF4DE84EB6}.Release|Any CPU.ActiveCfg = Release|Any CPU
		{8B848611-BB32-42F8-ACF7-4ECF4DE84EB6}.Release|Any CPU.Build.0 = Release|Any CPU
		{8B848611-BB32-42F8-ACF7-4ECF4DE84EB6}.Release|x64.ActiveCfg = Release|Any CPU
		{8B848611-BB32-42F8-ACF7-4ECF4DE84EB6}.Release|x64.Build.0 = Release|Any CPU
		{8B848611-BB32-42F8-ACF7-4ECF4DE84EB6}.Release|x86.ActiveCfg = Release|Any CPU
		{8B848611-BB32-42F8-ACF7-4ECF4DE84EB6}.Release|x86.Build.0 = Release|Any CPU
		{095ABCF7-F572-4C04-8CBD-7D4A56D46C3F}.Debug|Any CPU.ActiveCfg = Debug|Any CPU
		{095ABCF7-F572-4C04-8CBD-7D4A56D46C3F}.Debug|Any CPU.Build.0 = Debug|Any CPU
		{095ABCF7-F572-4C04-8CBD-7D4A56D46C3F}.Debug|x64.ActiveCfg = Debug|Any CPU
		{095ABCF7-F572-4C04-8CBD-7D4A56D46C3F}.Debug|x64.Build.0 = Debug|Any CPU
		{095ABCF7-F572-4C04-8CBD-7D4A56D46C3F}.Debug|x86.ActiveCfg = Debug|Any CPU
		{095ABCF7-F572-4C04-8CBD-7D4A56D46C3F}.Debug|x86.Build.0 = Debug|Any CPU
		{095ABCF7-F572-4C04-8CBD-7D4A56D46C3F}.Release|Any CPU.ActiveCfg = Release|Any CPU
		{095ABCF7-F572-4C04-8CBD-7D4A56D46C3F}.Release|Any CPU.Build.0 = Release|Any CPU
		{095ABCF7-F572-4C04-8CBD-7D4A56D46C3F}.Release|x64.ActiveCfg = Release|Any CPU
		{095ABCF7-F572-4C04-8CBD-7D4A56D46C3F}.Release|x64.Build.0 = Release|Any CPU
		{095ABCF7-F572-4C04-8CBD-7D4A56D46C3F}.Release|x86.ActiveCfg = Release|Any CPU
		{095ABCF7-F572-4C04-8CBD-7D4A56D46C3F}.Release|x86.Build.0 = Release|Any CPU
		{0FE32455-DFA3-4DB8-9124-B6A5DB4C5B7F}.Debug|Any CPU.ActiveCfg = Debug|Any CPU
		{0FE32455-DFA3-4DB8-9124-B6A5DB4C5B7F}.Debug|Any CPU.Build.0 = Debug|Any CPU
		{0FE32455-DFA3-4DB8-9124-B6A5DB4C5B7F}.Debug|x64.ActiveCfg = Debug|Any CPU
		{0FE32455-DFA3-4DB8-9124-B6A5DB4C5B7F}.Debug|x64.Build.0 = Debug|Any CPU
		{0FE32455-DFA3-4DB8-9124-B6A5DB4C5B7F}.Debug|x86.ActiveCfg = Debug|Any CPU
		{0FE32455-DFA3-4DB8-9124-B6A5DB4C5B7F}.Debug|x86.Build.0 = Debug|Any CPU
		{0FE32455-DFA3-4DB8-9124-B6A5DB4C5B7F}.Release|Any CPU.ActiveCfg = Release|Any CPU
		{0FE32455-DFA3-4DB8-9124-B6A5DB4C5B7F}.Release|Any CPU.Build.0 = Release|Any CPU
		{0FE32455-DFA3-4DB8-9124-B6A5DB4C5B7F}.Release|x64.ActiveCfg = Release|Any CPU
		{0FE32455-DFA3-4DB8-9124-B6A5DB4C5B7F}.Release|x64.Build.0 = Release|Any CPU
		{0FE32455-DFA3-4DB8-9124-B6A5DB4C5B7F}.Release|x86.ActiveCfg = Release|Any CPU
		{0FE32455-DFA3-4DB8-9124-B6A5DB4C5B7F}.Release|x86.Build.0 = Release|Any CPU
		{AB2F4EE6-6ED1-4127-B053-73D1B1C1EAD0}.Debug|Any CPU.ActiveCfg = Debug|Any CPU
		{AB2F4EE6-6ED1-4127-B053-73D1B1C1EAD0}.Debug|Any CPU.Build.0 = Debug|Any CPU
		{AB2F4EE6-6ED1-4127-B053-73D1B1C1EAD0}.Debug|x64.ActiveCfg = Debug|Any CPU
		{AB2F4EE6-6ED1-4127-B053-73D1B1C1EAD0}.Debug|x64.Build.0 = Debug|Any CPU
		{AB2F4EE6-6ED1-4127-B053-73D1B1C1EAD0}.Debug|x86.ActiveCfg = Debug|Any CPU
		{AB2F4EE6-6ED1-4127-B053-73D1B1C1EAD0}.Debug|x86.Build.0 = Debug|Any CPU
		{AB2F4EE6-6ED1-4127-B053-73D1B1C1EAD0}.Release|Any CPU.ActiveCfg = Release|Any CPU
		{AB2F4EE6-6ED1-4127-B053-73D1B1C1EAD0}.Release|Any CPU.Build.0 = Release|Any CPU
		{AB2F4EE6-6ED1-4127-B053-73D1B1C1EAD0}.Release|x64.ActiveCfg = Release|Any CPU
		{AB2F4EE6-6ED1-4127-B053-73D1B1C1EAD0}.Release|x64.Build.0 = Release|Any CPU
		{AB2F4EE6-6ED1-4127-B053-73D1B1C1EAD0}.Release|x86.ActiveCfg = Release|Any CPU
		{AB2F4EE6-6ED1-4127-B053-73D1B1C1EAD0}.Release|x86.Build.0 = Release|Any CPU
	EndGlobalSection
EndGlobal
